// !$*UTF8*$!
{
	archiveVersion = 1;
	classes = {
	};
	objectVersion = 50;
	objects = {

/* Begin PBXBuildFile section */
		F6548430265D40B300194D8D /* StopGoView.swift in Sources */ = {isa = PBXBuildFile; fileRef = F654842F265D40B300194D8D /* StopGoView.swift */; };
		F6AB4329265D0BE700137E4D /* AppDelegate.swift in Sources */ = {isa = PBXBuildFile; fileRef = F6AB4328265D0BE700137E4D /* AppDelegate.swift */; };
		F6AB432B265D0BE700137E4D /* SceneDelegate.swift in Sources */ = {isa = PBXBuildFile; fileRef = F6AB432A265D0BE700137E4D /* SceneDelegate.swift */; };
		F6AB432D265D0BE700137E4D /* ViewController.swift in Sources */ = {isa = PBXBuildFile; fileRef = F6AB432C265D0BE700137E4D /* ViewController.swift */; };
		F6AB4330265D0BE700137E4D /* Main.storyboard in Resources */ = {isa = PBXBuildFile; fileRef = F6AB432E265D0BE700137E4D /* Main.storyboard */; };
		F6AB4332265D0BE800137E4D /* Assets.xcassets in Resources */ = {isa = PBXBuildFile; fileRef = F6AB4331265D0BE800137E4D /* Assets.xcassets */; };
		F6AB4335265D0BE800137E4D /* LaunchScreen.storyboard in Resources */ = {isa = PBXBuildFile; fileRef = F6AB4333265D0BE800137E4D /* LaunchScreen.storyboard */; };
/* End PBXBuildFile section */

/* Begin PBXFileReference section */
		F654842F265D40B300194D8D /* StopGoView.swift */ = {isa = PBXFileReference; lastKnownFileType = sourcecode.swift; path = StopGoView.swift; sourceTree = "<group>"; };
		F6AB4325265D0BE700137E4D /* Learning_from_text.app */ = {isa = PBXFileReference; explicitFileType = wrapper.application; includeInIndex = 0; path = Learning_from_text.app; sourceTree = BUILT_PRODUCTS_DIR; };
		F6AB4328265D0BE700137E4D /* AppDelegate.swift */ = {isa = PBXFileReference; lastKnownFileType = sourcecode.swift; path = AppDelegate.swift; sourceTree = "<group>"; };
		F6AB432A265D0BE700137E4D /* SceneDelegate.swift */ = {isa = PBXFileReference; lastKnownFileType = sourcecode.swift; path = SceneDelegate.swift; sourceTree = "<group>"; };
		F6AB432C265D0BE700137E4D /* ViewController.swift */ = {isa = PBXFileReference; lastKnownFileType = sourcecode.swift; path = ViewController.swift; sourceTree = "<group>"; };
		F6AB432F265D0BE700137E4D /* Base */ = {isa = PBXFileReference; lastKnownFileType = file.storyboard; name = Base; path = Base.lproj/Main.storyboard; sourceTree = "<group>"; };
		F6AB4331265D0BE800137E4D /* Assets.xcassets */ = {isa = PBXFileReference; lastKnownFileType = folder.assetcatalog; path = Assets.xcassets; sourceTree = "<group>"; };
		F6AB4334265D0BE800137E4D /* Base */ = {isa = PBXFileReference; lastKnownFileType = file.storyboard; name = Base; path = Base.lproj/LaunchScreen.storyboard; sourceTree = "<group>"; };
		F6AB4336265D0BE800137E4D /* Info.plist */ = {isa = PBXFileReference; lastKnownFileType = text.plist.xml; path = Info.plist; sourceTree = "<group>"; };
/* End PBXFileReference section */

/* Begin PBXFrameworksBuildPhase section */
		F6AB4322265D0BE700137E4D /* Frameworks */ = {
			isa = PBXFrameworksBuildPhase;
			buildActionMask = 2147483647;
			files = (
			);
			runOnlyForDeploymentPostprocessing = 0;
		};
/* End PBXFrameworksBuildPhase section */

/* Begin PBXGroup section */
		F6AB431C265D0BE700137E4D = {
			isa = PBXGroup;
			children = (
				F6AB4327265D0BE700137E4D /* Learning_from_text */,
				F6AB4326265D0BE700137E4D /* Products */,
			);
			sourceTree = "<group>";
		};
		F6AB4326265D0BE700137E4D /* Products */ = {
			isa = PBXGroup;
			children = (
				F6AB4325265D0BE700137E4D /* Learning_from_text.app */,
			);
			name = Products;
			sourceTree = "<group>";
		};
		F6AB4327265D0BE700137E4D /* Learning_from_text */ = {
			isa = PBXGroup;
			children = (
				F6AB4328265D0BE700137E4D /* AppDelegate.swift */,
				F6AB432A265D0BE700137E4D /* SceneDelegate.swift */,
				F654842F265D40B300194D8D /* StopGoView.swift */,
				F6AB432C265D0BE700137E4D /* ViewController.swift */,
				F6AB432E265D0BE700137E4D /* Main.storyboard */,
				F6AB4331265D0BE800137E4D /* Assets.xcassets */,
				F6AB4333265D0BE800137E4D /* LaunchScreen.storyboard */,
				F6AB4336265D0BE800137E4D /* Info.plist */,
			);
			path = Learning_from_text;
			sourceTree = "<group>";
		};
/* End PBXGroup section */

/* Begin PBXNativeTarget section */
		F6AB4324265D0BE700137E4D /* Learning_from_text */ = {
			isa = PBXNativeTarget;
			buildConfigurationList = F6AB4339265D0BE800137E4D /* Build configuration list for PBXNativeTarget "Learning_from_text" */;
			buildPhases = (
				F6AB4321265D0BE700137E4D /* Sources */,
				F6AB4322265D0BE700137E4D /* Frameworks */,
				F6AB4323265D0BE700137E4D /* Resources */,
			);
			buildRules = (
			);
			dependencies = (
			);
			name = Learning_from_text;
			productName = Learning_from_text;
			productReference = F6AB4325265D0BE700137E4D /* Learning_from_text.app */;
			productType = "com.apple.product-type.application";
		};
/* End PBXNativeTarget section */

/* Begin PBXProject section */
		F6AB431D265D0BE700137E4D /* Project object */ = {
			isa = PBXProject;
			attributes = {
				LastSwiftUpdateCheck = 1250;
				LastUpgradeCheck = 1250;
				TargetAttributes = {
					F6AB4324265D0BE700137E4D = {
						CreatedOnToolsVersion = 12.5;
					};
				};
			};
			buildConfigurationList = F6AB4320265D0BE700137E4D /* Build configuration list for PBXProject "Learning_from_text" */;
			compatibilityVersion = "Xcode 9.3";
			developmentRegion = en;
			hasScannedForEncodings = 0;
			knownRegions = (
				en,
				Base,
			);
			mainGroup = F6AB431C265D0BE700137E4D;
			productRefGroup = F6AB4326265D0BE700137E4D /* Products */;
			projectDirPath = "";
			projectRoot = "";
			targets = (
				F6AB4324265D0BE700137E4D /* Learning_from_text */,
			);
		};
/* End PBXProject section */

/* Begin PBXResourcesBuildPhase section */
		F6AB4323265D0BE700137E4D /* Resources */ = {
			isa = PBXResourcesBuildPhase;
			buildActionMask = 2147483647;
			files = (
				F6AB4335265D0BE800137E4D /* LaunchScreen.storyboard in Resources */,
				F6AB4332265D0BE800137E4D /* Assets.xcassets in Resources */,
				F6AB4330265D0BE700137E4D /* Main.storyboard in Resources */,
			);
			runOnlyForDeploymentPostprocessing = 0;
		};
/* End PBXResourcesBuildPhase section */

/* Begin PBXSourcesBuildPhase section */
		F6AB4321265D0BE700137E4D /* Sources */ = {
			isa = PBXSourcesBuildPhase;
			buildActionMask = 2147483647;
			files = (
				F6AB432D265D0BE700137E4D /* ViewController.swift in Sources */,
				F6AB4329265D0BE700137E4D /* AppDelegate.swift in Sources */,
				F6548430265D40B300194D8D /* StopGoView.swift in Sources */,
				F6AB432B265D0BE700137E4D /* SceneDelegate.swift in Sources */,
			);
			runOnlyForDeploymentPostprocessing = 0;
		};
/* End PBXSourcesBuildPhase section */

/* Begin PBXVariantGroup section */
		F6AB432E265D0BE700137E4D /* Main.storyboard */ = {
			isa = PBXVariantGroup;
			children = (
				F6AB432F265D0BE700137E4D /* Base */,
			);
			name = Main.storyboard;
			sourceTree = "<group>";
		};
		F6AB4333265D0BE800137E4D /* LaunchScreen.storyboard */ = {
			isa = PBXVariantGroup;
			children = (
				F6AB4334265D0BE800137E4D /* Base */,
			);
			name = LaunchScreen.storyboard;
			sourceTree = "<group>";
		};
/* End PBXVariantGroup section */

/* Begin XCBuildConfiguration section */
		F6AB4337265D0BE800137E4D /* Debug */ = {
			isa = XCBuildConfiguration;
			buildSettings = {
				ALWAYS_SEARCH_USER_PATHS = NO;
				CLANG_ANALYZER_NONNULL = YES;
				CLANG_ANALYZER_NUMBER_OBJECT_CONVERSION = YES_AGGRESSIVE;
				CLANG_CXX_LANGUAGE_STANDARD = "gnu++14";
				CLANG_CXX_LIBRARY = "libc++";
				CLANG_ENABLE_MODULES = YES;
				CLANG_ENABLE_OBJC_ARC = YES;
				CLANG_ENABLE_OBJC_WEAK = YES;
				CLANG_WARN_BLOCK_CAPTURE_AUTORELEASING = YES;
				CLANG_WARN_BOOL_CONVERSION = YES;
				CLANG_WARN_COMMA = YES;
				CLANG_WARN_CONSTANT_CONVERSION = YES;
				CLANG_WARN_DEPRECATED_OBJC_IMPLEMENTATIONS = YES;
				CLANG_WARN_DIRECT_OBJC_ISA_USAGE = YES_ERROR;
				CLANG_WARN_DOCUMENTATION_COMMENTS = YES;
				CLANG_WARN_EMPTY_BODY = YES;
				CLANG_WARN_ENUM_CONVERSION = YES;
				CLANG_WARN_INFINITE_RECURSION = YES;
				CLANG_WARN_INT_CONVERSION = YES;
				CLANG_WARN_NON_LITERAL_NULL_CONVERSION = YES;
				CLANG_WARN_OBJC_IMPLICIT_RETAIN_SELF = YES;
				CLANG_WARN_OBJC_LITERAL_CONVERSION = YES;
				CLANG_WARN_OBJC_ROOT_CLASS = YES_ERROR;
				CLANG_WARN_QUOTED_INCLUDE_IN_FRAMEWORK_HEADER = YES;
				CLANG_WARN_RANGE_LOOP_ANALYSIS = YES;
				CLANG_WARN_STRICT_PROTOTYPES = YES;
				CLANG_WARN_SUSPICIOUS_MOVE = YES;
				CLANG_WARN_UNGUARDED_AVAILABILITY = YES_AGGRESSIVE;
				CLANG_WARN_UNREACHABLE_CODE = YES;
				CLANG_WARN__DUPLICATE_METHOD_MATCH = YES;
				COPY_PHASE_STRIP = NO;
				DEBUG_INFORMATION_FORMAT = dwarf;
				ENABLE_STRICT_OBJC_MSGSEND = YES;
				ENABLE_TESTABILITY = YES;
				GCC_C_LANGUAGE_STANDARD = gnu11;
				GCC_DYNAMIC_NO_PIC = NO;
				GCC_NO_COMMON_BLOCKS = YES;
				GCC_OPTIMIZATION_LEVEL = 0;
				GCC_PREPROCESSOR_DEFINITIONS = (
					"DEBUG=1",
					"$(inherited)",
				);
				GCC_WARN_64_TO_32_BIT_CONVERSION = YES;
				GCC_WARN_ABOUT_RETURN_TYPE = YES_ERROR;
				GCC_WARN_UNDECLARED_SELECTOR = YES;
				GCC_WARN_UNINITIALIZED_AUTOS = YES_AGGRESSIVE;
				GCC_WARN_UNUSED_FUNCTION = YES;
				GCC_WARN_UNUSED_VARIABLE = YES;
				IPHONEOS_DEPLOYMENT_TARGET = 14.5;
				MTL_ENABLE_DEBUG_INFO = INCLUDE_SOURCE;
				MTL_FAST_MATH = YES;
				ONLY_ACTIVE_ARCH = YES;
				SDKROOT = iphoneos;
				SWIFT_ACTIVE_COMPILATION_CONDITIONS = DEBUG;
				SWIFT_OPTIMIZATION_LEVEL = "-Onone";
			};
			name = Debug;
		};
		F6AB4338265D0BE800137E4D /* Release */ = {
			isa = XCBuildConfiguration;
			buildSettings = {
				ALWAYS_SEARCH_USER_PATHS = NO;
				CLANG_ANALYZER_NONNULL = YES;
				CLANG_ANALYZER_NUMBER_OBJECT_CONVERSION = YES_AGGRESSIVE;
				CLANG_CXX_LANGUAGE_STANDARD = "gnu++14";
				CLANG_CXX_LIBRARY = "libc++";
				CLANG_ENABLE_MODULES = YES;
				CLANG_ENABLE_OBJC_ARC = YES;
				CLANG_ENABLE_OBJC_WEAK = YES;
				CLANG_WARN_BLOCK_CAPTURE_AUTORELEASING = YES;
				CLANG_WARN_BOOL_CONVERSION = YES;
				CLANG_WARN_COMMA = YES;
				CLANG_WARN_CONSTANT_CONVERSION = YES;
				CLANG_WARN_DEPRECATED_OBJC_IMPLEMENTATIONS = YES;
				CLANG_WARN_DIRECT_OBJC_ISA_USAGE = YES_ERROR;
				CLANG_WARN_DOCUMENTATION_COMMENTS = YES;
				CLANG_WARN_EMPTY_BODY = YES;
				CLANG_WARN_ENUM_CONVERSION = YES;
				CLANG_WARN_INFINITE_RECURSION = YES;
				CLANG_WARN_INT_CONVERSION = YES;
				CLANG_WARN_NON_LITERAL_NULL_CONVERSION = YES;
				CLANG_WARN_OBJC_IMPLICIT_RETAIN_SELF = YES;
				CLANG_WARN_OBJC_LITERAL_CONVERSION = YES;
				CLANG_WARN_OBJC_ROOT_CLASS = YES_ERROR;
				CLANG_WARN_QUOTED_INCLUDE_IN_FRAMEWORK_HEADER = YES;
				CLANG_WARN_RANGE_LOOP_ANALYSIS = YES;
				CLANG_WARN_STRICT_PROTOTYPES = YES;
				CLANG_WARN_SUSPICIOUS_MOVE = YES;
				CLANG_WARN_UNGUARDED_AVAILABILITY = YES_AGGRESSIVE;
				CLANG_WARN_UNREACHABLE_CODE = YES;
				CLANG_WARN__DUPLICATE_METHOD_MATCH = YES;
				COPY_PHASE_STRIP = NO;
				DEBUG_INFORMATION_FORMAT = "dwarf-with-dsym";
				ENABLE_NS_ASSERTIONS = NO;
				ENABLE_STRICT_OBJC_MSGSEND = YES;
				GCC_C_LANGUAGE_STANDARD = gnu11;
				GCC_NO_COMMON_BLOCKS = YES;
				GCC_WARN_64_TO_32_BIT_CONVERSION = YES;
				GCC_WARN_ABOUT_RETURN_TYPE = YES_ERROR;
				GCC_WARN_UNDECLARED_SELECTOR = YES;
				GCC_WARN_UNINITIALIZED_AUTOS = YES_AGGRESSIVE;
				GCC_WARN_UNUSED_FUNCTION = YES;
				GCC_WARN_UNUSED_VARIABLE = YES;
				IPHONEOS_DEPLOYMENT_TARGET = 14.5;
				MTL_ENABLE_DEBUG_INFO = NO;
				MTL_FAST_MATH = YES;
				SDKROOT = iphoneos;
				SWIFT_COMPILATION_MODE = wholemodule;
				SWIFT_OPTIMIZATION_LEVEL = "-O";
				VALIDATE_PRODUCT = YES;
			};
			name = Release;
		};
		F6AB433A265D0BE800137E4D /* Debug */ = {
			isa = XCBuildConfiguration;
			buildSettings = {
				ASSETCATALOG_COMPILER_APPICON_NAME = AppIcon;
				ASSETCATALOG_COMPILER_GLOBAL_ACCENT_COLOR_NAME = AccentColor;
				CODE_SIGN_STYLE = Automatic;
				DEVELOPMENT_TEAM = 39B2RY64BH;
				INFOPLIST_FILE = Learning_from_text/Info.plist;
				LD_RUNPATH_SEARCH_PATHS = (
					"$(inherited)",
					"@executable_path/Frameworks",
				);
				PRODUCT_BUNDLE_IDENTIFIER = "ModernAutoLayout.Learning-from-text";
				PRODUCT_NAME = "$(TARGET_NAME)";
				SWIFT_VERSION = 5.0;
				TARGETED_DEVICE_FAMILY = "1,2";
			};
			name = Debug;
		};
		F6AB433B265D0BE800137E4D /* Release */ = {
			isa = XCBuildConfiguration;
			buildSettings = {
				ASSETCATALOG_COMPILER_APPICON_NAME = AppIcon;
				ASSETCATALOG_COMPILER_GLOBAL_ACCENT_COLOR_NAME = AccentColor;
				CODE_SIGN_STYLE = Automatic;
				DEVELOPMENT_TEAM = 39B2RY64BH;
				INFOPLIST_FILE = Learning_from_text/Info.plist;
				LD_RUNPATH_SEARCH_PATHS = (
					"$(inherited)",
					"@executable_path/Frameworks",
				);
				PRODUCT_BUNDLE_IDENTIFIER = "ModernAutoLayout.Learning-from-text";
				PRODUCT_NAME = "$(TARGET_NAME)";
				SWIFT_VERSION = 5.0;
				TARGETED_DEVICE_FAMILY = "1,2";
			};
			name = Release;
		};
/* End XCBuildConfiguration section */

/* Begin XCConfigurationList section */
		F6AB4320265D0BE700137E4D /* Build configuration list for PBXProject "Learning_from_text" */ = {
			isa = XCConfigurationList;
			buildConfigurations = (
				F6AB4337265D0BE800137E4D /* Debug */,
				F6AB4338265D0BE800137E4D /* Release */,
			);
			defaultConfigurationIsVisible = 0;
			defaultConfigurationName = Release;
		};
		F6AB4339265D0BE800137E4D /* Build configuration list for PBXNativeTarget "Learning_from_text" */ = {
			isa = XCConfigurationList;
			buildConfigurations = (
				F6AB433A265D0BE800137E4D /* Debug */,
				F6AB433B265D0BE800137E4D /* Release */,
			);
			defaultConfigurationIsVisible = 0;
			defaultConfigurationName = Release;
		};
/* End XCConfigurationList section */
	};
	rootObject = F6AB431D265D0BE700137E4D /* Project object */;
}
